
Microsoft Visual Studio Solution File, Format Version 12.00
# Visual Studio Version 17
VisualStudioVersion = 17.14.36623.8 d17.14
MinimumVisualStudioVersion = 10.0.40219.1
Project("{FAE04EC0-301F-11D3-BF4B-00C04F79EFBC}") = "Assignment3_Morgan", "Assignment3_Morgan.csproj", "{F9F252B5-E146-428E-BB98-E8872C6715E3}"
EndProject
Project("{FAE04EC0-301F-11D3-BF4B-00C04F79EFBC}") = "TextureAtlasLib", "TextureAtlasLib\TextureAtlasLib.csproj", "{B7D08360-2E00-4E4B-AE9A-8AA8CF5FE65D}"
EndProject
Global
	GlobalSection(SolutionConfigurationPlatforms) = preSolution
		Debug|Any CPU = Debug|Any CPU
		Release|Any CPU = Release|Any CPU
	EndGlobalSection
	GlobalSection(ProjectConfigurationPlatforms) = postSolution
		{F9F252B5-E146-428E-BB98-E8872C6715E3}.Debug|Any CPU.ActiveCfg = Debug|Any CPU
		{F9F252B5-E146-428E-BB98-E8872C6715E3}.Debug|Any CPU.Build.0 = Debug|Any CPU
		{F9F252B5-E146-428E-BB98-E8872C6715E3}.Release|Any CPU.ActiveCfg = Release|Any CPU
		{F9F252B5-E146-428E-BB98-E8872C6715E3}.Release|Any CPU.Build.0 = Release|Any CPU
		{B7D08360-2E00-4E4B-AE9A-8AA8CF5FE65D}.Debug|Any CPU.ActiveCfg = Debug|Any CPU
		{B7D08360-2E00-4E4B-AE9A-8AA8CF5FE65D}.Debug|Any CPU.Build.0 = Debug|Any CPU
		{B7D08360-2E00-4E4B-AE9A-8AA8CF5FE65D}.Release|Any CPU.ActiveCfg = Release|Any CPU
		{B7D08360-2E00-4E4B-AE9A-8AA8CF5FE65D}.Release|Any CPU.Build.0 = Release|Any CPU
	EndGlobalSection
	GlobalSection(SolutionProperties) = preSolution
		HideSolutionNode = FALSE
	EndGlobalSection
	GlobalSection(ExtensibilityGlobals) = postSolution
		SolutionGuid = {61577B9D-9E1C-4A07-8462-9C9646AE4FDF}
	EndGlobalSection
EndGlobal
