
Microsoft Visual Studio Solution File, Format Version 12.00
# Visual Studio Version 17
VisualStudioVersion = 17.14.36623.8
MinimumVisualStudioVersion = 10.0.40219.1
Project("{FAE04EC0-301F-11D3-BF4B-00C04F79EFBC}") = "Assignment1_Morgan", "Assignment1_Morgan\Assignment1_Morgan.csproj", "{5F06EFCD-DD09-48A4-8AC0-7AE514BAA148}"
EndProject
Project("{FAE04EC0-301F-11D3-BF4B-00C04F79EFBC}") = "Assignment2a", "..\Assignment2_Morgan\Assignment2a\Assignment2a.csproj", "{B203152D-2C35-4235-A48C-EBBC81A38470}"
EndProject
Global
	GlobalSection(SolutionConfigurationPlatforms) = preSolution
		Debug|Any CPU = Debug|Any CPU
		Release|Any CPU = Release|Any CPU
	EndGlobalSection
	GlobalSection(ProjectConfigurationPlatforms) = postSolution
		{5F06EFCD-DD09-48A4-8AC0-7AE514BAA148}.Debug|Any CPU.ActiveCfg = Debug|Any CPU
		{5F06EFCD-DD09-48A4-8AC0-7AE514BAA148}.Debug|Any CPU.Build.0 = Debug|Any CPU
		{5F06EFCD-DD09-48A4-8AC0-7AE514BAA148}.Release|Any CPU.ActiveCfg = Release|Any CPU
		{5F06EFCD-DD09-48A4-8AC0-7AE514BAA148}.Release|Any CPU.Build.0 = Release|Any CPU
		{B203152D-2C35-4235-A48C-EBBC81A38470}.Debug|Any CPU.ActiveCfg = Debug|Any CPU
		{B203152D-2C35-4235-A48C-EBBC81A38470}.Debug|Any CPU.Build.0 = Debug|Any CPU
		{B203152D-2C35-4235-A48C-EBBC81A38470}.Release|Any CPU.ActiveCfg = Release|Any CPU
		{B203152D-2C35-4235-A48C-EBBC81A38470}.Release|Any CPU.Build.0 = Release|Any CPU
	EndGlobalSection
	GlobalSection(SolutionProperties) = preSolution
		HideSolutionNode = FALSE
	EndGlobalSection
	GlobalSection(ExtensibilityGlobals) = postSolution
		SolutionGuid = {519B6049-0C3D-4C0F-8FD0-4B7D8402C81F}
	EndGlobalSection
EndGlobal
