
Microsoft Visual Studio Solution File, Format Version 12.00
# Visual Studio Version 17
VisualStudioVersion = 17.14.36623.8 d17.14
MinimumVisualStudioVersion = 10.0.40219.1
Project("{FAE04EC0-301F-11D3-BF4B-00C04F79EFBC}") = "Assignment2C", "Assignment2C.csproj", "{378F6812-FB05-F4E8-88CC-6DE531F27911}"
EndProject
Global
	GlobalSection(SolutionConfigurationPlatforms) = preSolution
		Debug|Any CPU = Debug|Any CPU
		Release|Any CPU = Release|Any CPU
	EndGlobalSection
	GlobalSection(ProjectConfigurationPlatforms) = postSolution
		{378F6812-FB05-F4E8-88CC-6DE531F27911}.Debug|Any CPU.ActiveCfg = Debug|Any CPU
		{378F6812-FB05-F4E8-88CC-6DE531F27911}.Debug|Any CPU.Build.0 = Debug|Any CPU
		{378F6812-FB05-F4E8-88CC-6DE531F27911}.Release|Any CPU.ActiveCfg = Release|Any CPU
		{378F6812-FB05-F4E8-88CC-6DE531F27911}.Release|Any CPU.Build.0 = Release|Any CPU
	EndGlobalSection
	GlobalSection(SolutionProperties) = preSolution
		HideSolutionNode = FALSE
	EndGlobalSection
	GlobalSection(ExtensibilityGlobals) = postSolution
		SolutionGuid = {404CA119-1EB6-4048-9886-2FA6EFA67A1A}
	EndGlobalSection
EndGlobal
